
Microsoft Visual Studio Solution File, Format Version 11.00
# Visual Studio 2010
Project("{8BC9CEB8-8B4A-11D0-8D11-00A0C91BC942}") = "test_push_device", "test_push_device.vcxproj", "{BEAFA05E-1861-4EC5-8A7A-3D5891F8A997}"
EndProject
Global
	GlobalSection(SolutionConfigurationPlatforms) = preSolution
		Debug|Win32 = Debug|Win32
		Release|Win32 = Release|Win32
	EndGlobalSection
	GlobalSection(ProjectConfigurationPlatforms) = postSolution
		{BEAFA05E-1861-4EC5-8A7A-3D5891F8A997}.Debug|Win32.ActiveCfg = Debug|Win32
		{BEAFA05E-1861-4EC5-8A7A-3D5891F8A997}.Debug|Win32.Build.0 = Debug|Win32
		{BEAFA05E-1861-4EC5-8A7A-3D5891F8A997}.Release|Win32.ActiveCfg = Release|Win32
		{BEAFA05E-1861-4EC5-8A7A-3D5891F8A997}.Release|Win32.Build.0 = Release|Win32
	EndGlobalSection
	GlobalSection(SolutionProperties) = preSolution
		HideSolutionNode = FALSE
	EndGlobalSection
EndGlobal
